
Microsoft Visual Studio Solution File, Format Version 12.00
# Visual Studio Version 17
VisualStudioVersion = 17.5.2.0
MinimumVisualStudioVersion = 10.0.40219.1
Project("{FAE04EC0-301F-11D3-BF4B-00C04F79EFBC}") = "Fundamentos", "Fundamentos\Fundamentos.csproj", "{C6BEDB2C-A322-BF83-DD03-0DDA7AACD0D9}"
EndProject
Project("{FAE04EC0-301F-11D3-BF4B-00C04F79EFBC}") = "ExemploFundamentos.Common", "ExemploFundamentos.Common\ExemploFundamentos.Common.csproj", "{D08C5355-3072-46E6-8FDF-4E2C76757A1B}"
EndProject
Project("{FAE04EC0-301F-11D3-BF4B-00C04F79EFBC}") = "Pratica1Estacionamento", "Pratica1Estacionamento\Pratica1Estacionamento.csproj", "{17D17763-E0DB-4DBB-B0DA-FF45B2C29019}"
EndProject
Project("{FAE04EC0-301F-11D3-BF4B-00C04F79EFBC}") = "ExemploExplorando", "ExemploExplorando\ExemploExplorando.csproj", "{1636C607-4623-40AB-B35C-4ECE83ECB9BA}"
EndProject
Project("{FAE04EC0-301F-11D3-BF4B-00C04F79EFBC}") = "Pratica2Hotel", "Pratica2Hotel\Pratica2Hotel.csproj", "{CB62AE8B-7BED-4A2E-8F7D-54FBA2ABE728}"
EndProject
Project("{FAE04EC0-301F-11D3-BF4B-00C04F79EFBC}") = "ExemploPOO", "ExemploPOO\ExemploPOO.csproj", "{D9F40D52-016B-4BD6-8A08-9BEE243DA647}"
EndProject
Project("{FAE04EC0-301F-11D3-BF4B-00C04F79EFBC}") = "Pratica3PedraPapelTesoura", "Pratica3PedraPapelTesoura\Pratica3PedraPapelTesoura.csproj", "{B5B15F63-FEAF-406F-A862-3F7D641C8C21}"
EndProject
Project("{FAE04EC0-301F-11D3-BF4B-00C04F79EFBC}") = "ModuloAPI", "ModuloAPI\ModuloAPI.csproj", "{C1699FD8-8660-43C5-A643-E57EAF5509D6}"
EndProject
Global
	GlobalSection(SolutionConfigurationPlatforms) = preSolution
		Debug|Any CPU = Debug|Any CPU
		Debug|x64 = Debug|x64
		Debug|x86 = Debug|x86
		Release|Any CPU = Release|Any CPU
		Release|x64 = Release|x64
		Release|x86 = Release|x86
	EndGlobalSection
	GlobalSection(ProjectConfigurationPlatforms) = postSolution
		{C6BEDB2C-A322-BF83-DD03-0DDA7AACD0D9}.Debug|Any CPU.ActiveCfg = Debug|Any CPU
		{C6BEDB2C-A322-BF83-DD03-0DDA7AACD0D9}.Debug|Any CPU.Build.0 = Debug|Any CPU
		{C6BEDB2C-A322-BF83-DD03-0DDA7AACD0D9}.Debug|x64.ActiveCfg = Debug|Any CPU
		{C6BEDB2C-A322-BF83-DD03-0DDA7AACD0D9}.Debug|x64.Build.0 = Debug|Any CPU
		{C6BEDB2C-A322-BF83-DD03-0DDA7AACD0D9}.Debug|x86.ActiveCfg = Debug|Any CPU
		{C6BEDB2C-A322-BF83-DD03-0DDA7AACD0D9}.Debug|x86.Build.0 = Debug|Any CPU
		{C6BEDB2C-A322-BF83-DD03-0DDA7AACD0D9}.Release|Any CPU.ActiveCfg = Release|Any CPU
		{C6BEDB2C-A322-BF83-DD03-0DDA7AACD0D9}.Release|Any CPU.Build.0 = Release|Any CPU
		{C6BEDB2C-A322-BF83-DD03-0DDA7AACD0D9}.Release|x64.ActiveCfg = Release|Any CPU
		{C6BEDB2C-A322-BF83-DD03-0DDA7AACD0D9}.Release|x64.Build.0 = Release|Any CPU
		{C6BEDB2C-A322-BF83-DD03-0DDA7AACD0D9}.Release|x86.ActiveCfg = Release|Any CPU
		{C6BEDB2C-A322-BF83-DD03-0DDA7AACD0D9}.Release|x86.Build.0 = Release|Any CPU
		{D08C5355-3072-46E6-8FDF-4E2C76757A1B}.Debug|Any CPU.ActiveCfg = Debug|Any CPU
		{D08C5355-3072-46E6-8FDF-4E2C76757A1B}.Debug|Any CPU.Build.0 = Debug|Any CPU
		{D08C5355-3072-46E6-8FDF-4E2C76757A1B}.Debug|x64.ActiveCfg = Debug|Any CPU
		{D08C5355-3072-46E6-8FDF-4E2C76757A1B}.Debug|x64.Build.0 = Debug|Any CPU
		{D08C5355-3072-46E6-8FDF-4E2C76757A1B}.Debug|x86.ActiveCfg = Debug|Any CPU
		{D08C5355-3072-46E6-8FDF-4E2C76757A1B}.Debug|x86.Build.0 = Debug|Any CPU
		{D08C5355-3072-46E6-8FDF-4E2C76757A1B}.Release|Any CPU.ActiveCfg = Release|Any CPU
		{D08C5355-3072-46E6-8FDF-4E2C76757A1B}.Release|Any CPU.Build.0 = Release|Any CPU
		{D08C5355-3072-46E6-8FDF-4E2C76757A1B}.Release|x64.ActiveCfg = Release|Any CPU
		{D08C5355-3072-46E6-8FDF-4E2C76757A1B}.Release|x64.Build.0 = Release|Any CPU
		{D08C5355-3072-46E6-8FDF-4E2C76757A1B}.Release|x86.ActiveCfg = Release|Any CPU
		{D08C5355-3072-46E6-8FDF-4E2C76757A1B}.Release|x86.Build.0 = Release|Any CPU
		{17D17763-E0DB-4DBB-B0DA-FF45B2C29019}.Debug|Any CPU.ActiveCfg = Debug|Any CPU
		{17D17763-E0DB-4DBB-B0DA-FF45B2C29019}.Debug|Any CPU.Build.0 = Debug|Any CPU
		{17D17763-E0DB-4DBB-B0DA-FF45B2C29019}.Debug|x64.ActiveCfg = Debug|Any CPU
		{17D17763-E0DB-4DBB-B0DA-FF45B2C29019}.Debug|x64.Build.0 = Debug|Any CPU
		{17D17763-E0DB-4DBB-B0DA-FF45B2C29019}.Debug|x86.ActiveCfg = Debug|Any CPU
		{17D17763-E0DB-4DBB-B0DA-FF45B2C29019}.Debug|x86.Build.0 = Debug|Any CPU
		{17D17763-E0DB-4DBB-B0DA-FF45B2C29019}.Release|Any CPU.ActiveCfg = Release|Any CPU
		{17D17763-E0DB-4DBB-B0DA-FF45B2C29019}.Release|Any CPU.Build.0 = Release|Any CPU
		{17D17763-E0DB-4DBB-B0DA-FF45B2C29019}.Release|x64.ActiveCfg = Release|Any CPU
		{17D17763-E0DB-4DBB-B0DA-FF45B2C29019}.Release|x64.Build.0 = Release|Any CPU
		{17D17763-E0DB-4DBB-B0DA-FF45B2C29019}.Release|x86.ActiveCfg = Release|Any CPU
		{17D17763-E0DB-4DBB-B0DA-FF45B2C29019}.Release|x86.Build.0 = Release|Any CPU
		{1636C607-4623-40AB-B35C-4ECE83ECB9BA}.Debug|Any CPU.ActiveCfg = Debug|Any CPU
		{1636C607-4623-40AB-B35C-4ECE83ECB9BA}.Debug|Any CPU.Build.0 = Debug|Any CPU
		{1636C607-4623-40AB-B35C-4ECE83ECB9BA}.Debug|x64.ActiveCfg = Debug|Any CPU
		{1636C607-4623-40AB-B35C-4ECE83ECB9BA}.Debug|x64.Build.0 = Debug|Any CPU
		{1636C607-4623-40AB-B35C-4ECE83ECB9BA}.Debug|x86.ActiveCfg = Debug|Any CPU
		{1636C607-4623-40AB-B35C-4ECE83ECB9BA}.Debug|x86.Build.0 = Debug|Any CPU
		{1636C607-4623-40AB-B35C-4ECE83ECB9BA}.Release|Any CPU.ActiveCfg = Release|Any CPU
		{1636C607-4623-40AB-B35C-4ECE83ECB9BA}.Release|Any CPU.Build.0 = Release|Any CPU
		{1636C607-4623-40AB-B35C-4ECE83ECB9BA}.Release|x64.ActiveCfg = Release|Any CPU
		{1636C607-4623-40AB-B35C-4ECE83ECB9BA}.Release|x64.Build.0 = Release|Any CPU
		{1636C607-4623-40AB-B35C-4ECE83ECB9BA}.Release|x86.ActiveCfg = Release|Any CPU
		{1636C607-4623-40AB-B35C-4ECE83ECB9BA}.Release|x86.Build.0 = Release|Any CPU
		{CB62AE8B-7BED-4A2E-8F7D-54FBA2ABE728}.Debug|Any CPU.ActiveCfg = Debug|Any CPU
		{CB62AE8B-7BED-4A2E-8F7D-54FBA2ABE728}.Debug|Any CPU.Build.0 = Debug|Any CPU
		{CB62AE8B-7BED-4A2E-8F7D-54FBA2ABE728}.Debug|x64.ActiveCfg = Debug|Any CPU
		{CB62AE8B-7BED-4A2E-8F7D-54FBA2ABE728}.Debug|x64.Build.0 = Debug|Any CPU
		{CB62AE8B-7BED-4A2E-8F7D-54FBA2ABE728}.Debug|x86.ActiveCfg = Debug|Any CPU
		{CB62AE8B-7BED-4A2E-8F7D-54FBA2ABE728}.Debug|x86.Build.0 = Debug|Any CPU
		{CB62AE8B-7BED-4A2E-8F7D-54FBA2ABE728}.Release|Any CPU.ActiveCfg = Release|Any CPU
		{CB62AE8B-7BED-4A2E-8F7D-54FBA2ABE728}.Release|Any CPU.Build.0 = Release|Any CPU
		{CB62AE8B-7BED-4A2E-8F7D-54FBA2ABE728}.Release|x64.ActiveCfg = Release|Any CPU
		{CB62AE8B-7BED-4A2E-8F7D-54FBA2ABE728}.Release|x64.Build.0 = Release|Any CPU
		{CB62AE8B-7BED-4A2E-8F7D-54FBA2ABE728}.Release|x86.ActiveCfg = Release|Any CPU
		{CB62AE8B-7BED-4A2E-8F7D-54FBA2ABE728}.Release|x86.Build.0 = Release|Any CPU
		{D9F40D52-016B-4BD6-8A08-9BEE243DA647}.Debug|Any CPU.ActiveCfg = Debug|Any CPU
		{D9F40D52-016B-4BD6-8A08-9BEE243DA647}.Debug|Any CPU.Build.0 = Debug|Any CPU
		{D9F40D52-016B-4BD6-8A08-9BEE243DA647}.Debug|x64.ActiveCfg = Debug|Any CPU
		{D9F40D52-016B-4BD6-8A08-9BEE243DA647}.Debug|x64.Build.0 = Debug|Any CPU
		{D9F40D52-016B-4BD6-8A08-9BEE243DA647}.Debug|x86.ActiveCfg = Debug|Any CPU
		{D9F40D52-016B-4BD6-8A08-9BEE243DA647}.Debug|x86.Build.0 = Debug|Any CPU
		{D9F40D52-016B-4BD6-8A08-9BEE243DA647}.Release|Any CPU.ActiveCfg = Release|Any CPU
		{D9F40D52-016B-4BD6-8A08-9BEE243DA647}.Release|Any CPU.Build.0 = Release|Any CPU
		{D9F40D52-016B-4BD6-8A08-9BEE243DA647}.Release|x64.ActiveCfg = Release|Any CPU
		{D9F40D52-016B-4BD6-8A08-9BEE243DA647}.Release|x64.Build.0 = Release|Any CPU
		{D9F40D52-016B-4BD6-8A08-9BEE243DA647}.Release|x86.ActiveCfg = Release|Any CPU
		{D9F40D52-016B-4BD6-8A08-9BEE243DA647}.Release|x86.Build.0 = Release|Any CPU
		{B5B15F63-FEAF-406F-A862-3F7D641C8C21}.Debug|Any CPU.ActiveCfg = Debug|Any CPU
		{B5B15F63-FEAF-406F-A862-3F7D641C8C21}.Debug|Any CPU.Build.0 = Debug|Any CPU
		{B5B15F63-FEAF-406F-A862-3F7D641C8C21}.Debug|x64.ActiveCfg = Debug|Any CPU
		{B5B15F63-FEAF-406F-A862-3F7D641C8C21}.Debug|x64.Build.0 = Debug|Any CPU
		{B5B15F63-FEAF-406F-A862-3F7D641C8C21}.Debug|x86.ActiveCfg = Debug|Any CPU
		{B5B15F63-FEAF-406F-A862-3F7D641C8C21}.Debug|x86.Build.0 = Debug|Any CPU
		{B5B15F63-FEAF-406F-A862-3F7D641C8C21}.Release|Any CPU.ActiveCfg = Release|Any CPU
		{B5B15F63-FEAF-406F-A862-3F7D641C8C21}.Release|Any CPU.Build.0 = Release|Any CPU
		{B5B15F63-FEAF-406F-A862-3F7D641C8C21}.Release|x64.ActiveCfg = Release|Any CPU
		{B5B15F63-FEAF-406F-A862-3F7D641C8C21}.Release|x64.Build.0 = Release|Any CPU
		{B5B15F63-FEAF-406F-A862-3F7D641C8C21}.Release|x86.ActiveCfg = Release|Any CPU
		{B5B15F63-FEAF-406F-A862-3F7D641C8C21}.Release|x86.Build.0 = Release|Any CPU
		{C1699FD8-8660-43C5-A643-E57EAF5509D6}.Debug|Any CPU.ActiveCfg = Debug|Any CPU
		{C1699FD8-8660-43C5-A643-E57EAF5509D6}.Debug|Any CPU.Build.0 = Debug|Any CPU
		{C1699FD8-8660-43C5-A643-E57EAF5509D6}.Debug|x64.ActiveCfg = Debug|Any CPU
		{C1699FD8-8660-43C5-A643-E57EAF5509D6}.Debug|x64.Build.0 = Debug|Any CPU
		{C1699FD8-8660-43C5-A643-E57EAF5509D6}.Debug|x86.ActiveCfg = Debug|Any CPU
		{C1699FD8-8660-43C5-A643-E57EAF5509D6}.Debug|x86.Build.0 = Debug|Any CPU
		{C1699FD8-8660-43C5-A643-E57EAF5509D6}.Release|Any CPU.ActiveCfg = Release|Any CPU
		{C1699FD8-8660-43C5-A643-E57EAF5509D6}.Release|Any CPU.Build.0 = Release|Any CPU
		{C1699FD8-8660-43C5-A643-E57EAF5509D6}.Release|x64.ActiveCfg = Release|Any CPU
		{C1699FD8-8660-43C5-A643-E57EAF5509D6}.Release|x64.Build.0 = Release|Any CPU
		{C1699FD8-8660-43C5-A643-E57EAF5509D6}.Release|x86.ActiveCfg = Release|Any CPU
		{C1699FD8-8660-43C5-A643-E57EAF5509D6}.Release|x86.Build.0 = Release|Any CPU
	EndGlobalSection
	GlobalSection(SolutionProperties) = preSolution
		HideSolutionNode = FALSE
	EndGlobalSection
	GlobalSection(ExtensibilityGlobals) = postSolution
		SolutionGuid = {69E0CA3B-701E-46F9-A1AA-2B23B49C2440}
	EndGlobalSection
EndGlobal
